
Microsoft Visual Studio Solution File, Format Version 12.00
# Visual Studio Version 16
VisualStudioVersion = 16.0.31911.196
MinimumVisualStudioVersion = 10.0.40219.1
Project("{FAE04EC0-301F-11D3-BF4B-00C04F79EFBC}") = "EstruturasRepeticao", "EstruturasRepeticao.csproj", "{1C777FEC-EC18-4BF1-BC9A-0BF12D86F06F}"
EndProject
Global
	GlobalSection(SolutionConfigurationPlatforms) = preSolution
		Debug|Any CPU = Debug|Any CPU
		Release|Any CPU = Release|Any CPU
	EndGlobalSection
	GlobalSection(ProjectConfigurationPlatforms) = postSolution
		{1C777FEC-EC18-4BF1-BC9A-0BF12D86F06F}.Debug|Any CPU.ActiveCfg = Debug|Any CPU
		{1C777FEC-EC18-4BF1-BC9A-0BF12D86F06F}.Debug|Any CPU.Build.0 = Debug|Any CPU
		{1C777FEC-EC18-4BF1-BC9A-0BF12D86F06F}.Release|Any CPU.ActiveCfg = Release|Any CPU
		{1C777FEC-EC18-4BF1-BC9A-0BF12D86F06F}.Release|Any CPU.Build.0 = Release|Any CPU
	EndGlobalSection
	GlobalSection(SolutionProperties) = preSolution
		HideSolutionNode = FALSE
	EndGlobalSection
	GlobalSection(ExtensibilityGlobals) = postSolution
		SolutionGuid = {1975FC59-7472-4B77-BA60-1BA7C46A59E4}
	EndGlobalSection
EndGlobal
