
Microsoft Visual Studio Solution File, Format Version 12.00
# Visual Studio Version 16
VisualStudioVersion = 16.0.31911.196
MinimumVisualStudioVersion = 10.0.40219.1
Project("{FAE04EC0-301F-11D3-BF4B-00C04F79EFBC}") = "PrincipaisMetodosBuscaString", "PrincipaisMetodosBuscaString.csproj", "{F393BF7E-88F5-499A-A896-3B4A188424BA}"
EndProject
Global
	GlobalSection(SolutionConfigurationPlatforms) = preSolution
		Debug|Any CPU = Debug|Any CPU
		Release|Any CPU = Release|Any CPU
	EndGlobalSection
	GlobalSection(ProjectConfigurationPlatforms) = postSolution
		{F393BF7E-88F5-499A-A896-3B4A188424BA}.Debug|Any CPU.ActiveCfg = Debug|Any CPU
		{F393BF7E-88F5-499A-A896-3B4A188424BA}.Debug|Any CPU.Build.0 = Debug|Any CPU
		{F393BF7E-88F5-499A-A896-3B4A188424BA}.Release|Any CPU.ActiveCfg = Release|Any CPU
		{F393BF7E-88F5-499A-A896-3B4A188424BA}.Release|Any CPU.Build.0 = Release|Any CPU
	EndGlobalSection
	GlobalSection(SolutionProperties) = preSolution
		HideSolutionNode = FALSE
	EndGlobalSection
	GlobalSection(ExtensibilityGlobals) = postSolution
		SolutionGuid = {7BACB7DB-D303-4910-852A-63D0CC45B768}
	EndGlobalSection
EndGlobal
