
Microsoft Visual Studio Solution File, Format Version 12.00
# Visual Studio Version 16
VisualStudioVersion = 16.0.31911.196
MinimumVisualStudioVersion = 10.0.40219.1
Project("{FAE04EC0-301F-11D3-BF4B-00C04F79EFBC}") = "TrabalhandoComDateTime", "TrabalhandoComDateTime.csproj", "{C2085676-6778-4B97-B90C-24DB6BF04789}"
EndProject
Global
	GlobalSection(SolutionConfigurationPlatforms) = preSolution
		Debug|Any CPU = Debug|Any CPU
		Release|Any CPU = Release|Any CPU
	EndGlobalSection
	GlobalSection(ProjectConfigurationPlatforms) = postSolution
		{C2085676-6778-4B97-B90C-24DB6BF04789}.Debug|Any CPU.ActiveCfg = Debug|Any CPU
		{C2085676-6778-4B97-B90C-24DB6BF04789}.Debug|Any CPU.Build.0 = Debug|Any CPU
		{C2085676-6778-4B97-B90C-24DB6BF04789}.Release|Any CPU.ActiveCfg = Release|Any CPU
		{C2085676-6778-4B97-B90C-24DB6BF04789}.Release|Any CPU.Build.0 = Release|Any CPU
	EndGlobalSection
	GlobalSection(SolutionProperties) = preSolution
		HideSolutionNode = FALSE
	EndGlobalSection
	GlobalSection(ExtensibilityGlobals) = postSolution
		SolutionGuid = {30F0464F-4A49-45D7-8CCB-951C755F2320}
	EndGlobalSection
EndGlobal
