
Microsoft Visual Studio Solution File, Format Version 12.00
# Visual Studio Version 16
VisualStudioVersion = 16.0.31911.196
MinimumVisualStudioVersion = 10.0.40219.1
Project("{FAE04EC0-301F-11D3-BF4B-00C04F79EFBC}") = "PrincipaisMetodosString", "PrincipaisMetodosString.csproj", "{ABA0E48A-905D-4A78-8212-479BA8B94898}"
EndProject
Global
	GlobalSection(SolutionConfigurationPlatforms) = preSolution
		Debug|Any CPU = Debug|Any CPU
		Release|Any CPU = Release|Any CPU
	EndGlobalSection
	GlobalSection(ProjectConfigurationPlatforms) = postSolution
		{ABA0E48A-905D-4A78-8212-479BA8B94898}.Debug|Any CPU.ActiveCfg = Debug|Any CPU
		{ABA0E48A-905D-4A78-8212-479BA8B94898}.Debug|Any CPU.Build.0 = Debug|Any CPU
		{ABA0E48A-905D-4A78-8212-479BA8B94898}.Release|Any CPU.ActiveCfg = Release|Any CPU
		{ABA0E48A-905D-4A78-8212-479BA8B94898}.Release|Any CPU.Build.0 = Release|Any CPU
	EndGlobalSection
	GlobalSection(SolutionProperties) = preSolution
		HideSolutionNode = FALSE
	EndGlobalSection
	GlobalSection(ExtensibilityGlobals) = postSolution
		SolutionGuid = {1CE80522-0DD3-4667-9B0D-8FA7FDA42967}
	EndGlobalSection
EndGlobal
