
Microsoft Visual Studio Solution File, Format Version 12.00
# Visual Studio Version 16
VisualStudioVersion = 16.0.31911.196
MinimumVisualStudioVersion = 10.0.40219.1
Project("{FAE04EC0-301F-11D3-BF4B-00C04F79EFBC}") = "OperadoresLogicos", "OperadoresLogicos.csproj", "{179799A8-10E9-4080-9AC0-F204ABFF94C9}"
EndProject
Global
	GlobalSection(SolutionConfigurationPlatforms) = preSolution
		Debug|Any CPU = Debug|Any CPU
		Release|Any CPU = Release|Any CPU
	EndGlobalSection
	GlobalSection(ProjectConfigurationPlatforms) = postSolution
		{179799A8-10E9-4080-9AC0-F204ABFF94C9}.Debug|Any CPU.ActiveCfg = Debug|Any CPU
		{179799A8-10E9-4080-9AC0-F204ABFF94C9}.Debug|Any CPU.Build.0 = Debug|Any CPU
		{179799A8-10E9-4080-9AC0-F204ABFF94C9}.Release|Any CPU.ActiveCfg = Release|Any CPU
		{179799A8-10E9-4080-9AC0-F204ABFF94C9}.Release|Any CPU.Build.0 = Release|Any CPU
	EndGlobalSection
	GlobalSection(SolutionProperties) = preSolution
		HideSolutionNode = FALSE
	EndGlobalSection
	GlobalSection(ExtensibilityGlobals) = postSolution
		SolutionGuid = {5BBC781E-AD5D-4B75-92C3-490440BDB4CC}
	EndGlobalSection
EndGlobal
