
Microsoft Visual Studio Solution File, Format Version 12.00
# Visual Studio Version 16
VisualStudioVersion = 16.0.31911.196
MinimumVisualStudioVersion = 10.0.40219.1
Project("{FAE04EC0-301F-11D3-BF4B-00C04F79EFBC}") = "ConversoesOperadores", "ConversoesOperadores.csproj", "{F9EE4B50-9C14-4136-9AEB-AD8490D7B665}"
EndProject
Global
	GlobalSection(SolutionConfigurationPlatforms) = preSolution
		Debug|Any CPU = Debug|Any CPU
		Release|Any CPU = Release|Any CPU
	EndGlobalSection
	GlobalSection(ProjectConfigurationPlatforms) = postSolution
		{F9EE4B50-9C14-4136-9AEB-AD8490D7B665}.Debug|Any CPU.ActiveCfg = Debug|Any CPU
		{F9EE4B50-9C14-4136-9AEB-AD8490D7B665}.Debug|Any CPU.Build.0 = Debug|Any CPU
		{F9EE4B50-9C14-4136-9AEB-AD8490D7B665}.Release|Any CPU.ActiveCfg = Release|Any CPU
		{F9EE4B50-9C14-4136-9AEB-AD8490D7B665}.Release|Any CPU.Build.0 = Release|Any CPU
	EndGlobalSection
	GlobalSection(SolutionProperties) = preSolution
		HideSolutionNode = FALSE
	EndGlobalSection
	GlobalSection(ExtensibilityGlobals) = postSolution
		SolutionGuid = {548307D8-CD31-42B6-A3ED-B9DC39C7445C}
	EndGlobalSection
EndGlobal
